// !$*UTF8*$!
{
	archiveVersion = 1;
	classes = {
	};
	objectVersion = 48;
	objects = {

/* Begin PBXBuildFile section */
		2E1F578120AD36920026E426 /* Category.swift in Sources */ = {isa = PBXBuildFile; fileRef = 2E1F578020AD36920026E426 /* Category.swift */; };
		2E1F578320AD406A0026E426 /* UIExtensions.swift in Sources */ = {isa = PBXBuildFile; fileRef = 2E1F578220AD406A0026E426 /* UIExtensions.swift */; };
		2E3E5C4920ADECE000AB605B /* FoodItemDetailViewController.swift in Sources */ = {isa = PBXBuildFile; fileRef = 2E3E5C4820ADECE000AB605B /* FoodItemDetailViewController.swift */; };
		2E3E5C4B20AE10FC00AB605B /* ToppingTableViewCell.swift in Sources */ = {isa = PBXBuildFile; fileRef = 2E3E5C4A20AE10FC00AB605B /* ToppingTableViewCell.swift */; };
		2E47739820A8C9B900AD1E38 /* AppDelegate.swift in Sources */ = {isa = PBXBuildFile; fileRef = 2E47739720A8C9B900AD1E38 /* AppDelegate.swift */; };
		2E47739A20A8C9B900AD1E38 /* MenuViewController.swift in Sources */ = {isa = PBXBuildFile; fileRef = 2E47739920A8C9B900AD1E38 /* MenuViewController.swift */; };
		2E47739D20A8C9B900AD1E38 /* Main.storyboard in Resources */ = {isa = PBXBuildFile; fileRef = 2E47739B20A8C9B900AD1E38 /* Main.storyboard */; };
		2E47739F20A8C9B900AD1E38 /* Assets.xcassets in Resources */ = {isa = PBXBuildFile; fileRef = 2E47739E20A8C9B900AD1E38 /* Assets.xcassets */; };
		2E4773A220A8C9B900AD1E38 /* LaunchScreen.storyboard in Resources */ = {isa = PBXBuildFile; fileRef = 2E4773A020A8C9B900AD1E38 /* LaunchScreen.storyboard */; };
		2E4773AC20A8D25300AD1E38 /* FoodItemCollectionViewCell.swift in Sources */ = {isa = PBXBuildFile; fileRef = 2E4773AA20A8D25300AD1E38 /* FoodItemCollectionViewCell.swift */; };
		2E4773AD20A8D25300AD1E38 /* FoodItemCollectionViewCell.xib in Resources */ = {isa = PBXBuildFile; fileRef = 2E4773AB20A8D25300AD1E38 /* FoodItemCollectionViewCell.xib */; };
		2E4773AF20A8D5DD00AD1E38 /* FoodItemCellInterface.swift in Sources */ = {isa = PBXBuildFile; fileRef = 2E4773AE20A8D5DD00AD1E38 /* FoodItemCellInterface.swift */; };
		2E4773B120A93EB400AD1E38 /* FoodItem.swift in Sources */ = {isa = PBXBuildFile; fileRef = 2E4773B020A93EB400AD1E38 /* FoodItem.swift */; };
		2E4773B320A94DFA00AD1E38 /* Config.swift in Sources */ = {isa = PBXBuildFile; fileRef = 2E4773B220A94DFA00AD1E38 /* Config.swift */; };
		2E52F18C20B0CF5A00246524 /* ReceiptDetailViewController.swift in Sources */ = {isa = PBXBuildFile; fileRef = 2E52F18B20B0CF5A00246524 /* ReceiptDetailViewController.swift */; };
		2E52F18E20B0D49B00246524 /* Receipt.swift in Sources */ = {isa = PBXBuildFile; fileRef = 2E52F18D20B0D49B00246524 /* Receipt.swift */; };
		2E52F19320B13FBB00246524 /* CartCategory.swift in Sources */ = {isa = PBXBuildFile; fileRef = 2E52F19220B13FBB00246524 /* CartCategory.swift */; };
		2E52F19720B147A500246524 /* SwiftyJSON.swift in Sources */ = {isa = PBXBuildFile; fileRef = 2E52F19620B147A500246524 /* SwiftyJSON.swift */; };
		2E53033B20AF3BDB00CB363E /* FoodItemViewModel.swift in Sources */ = {isa = PBXBuildFile; fileRef = 2E53033A20AF3BDB00CB363E /* FoodItemViewModel.swift */; };
		2E53033D20AF622900CB363E /* FoodItemDetailViewModel.swift in Sources */ = {isa = PBXBuildFile; fileRef = 2E53033C20AF622900CB363E /* FoodItemDetailViewModel.swift */; };
		2E53033F20AF717900CB363E /* Topping.swift in Sources */ = {isa = PBXBuildFile; fileRef = 2E53033E20AF717900CB363E /* Topping.swift */; };
		2E53034120AF745100CB363E /* MenuViewModel.swift in Sources */ = {isa = PBXBuildFile; fileRef = 2E53034020AF745100CB363E /* MenuViewModel.swift */; };
		2E53034320AFE3D800CB363E /* PaddingLabel.swift in Sources */ = {isa = PBXBuildFile; fileRef = 2E53034220AFE3D700CB363E /* PaddingLabel.swift */; };
		2E53034920B0A2F800CB363E /* ReceiptViewController.swift in Sources */ = {isa = PBXBuildFile; fileRef = 2E53034820B0A2F800CB363E /* ReceiptViewController.swift */; };
		2E53034F20B0C37B00CB363E /* ReceiptTableViewCell.swift in Sources */ = {isa = PBXBuildFile; fileRef = 2E53034E20B0C37B00CB363E /* ReceiptTableViewCell.swift */; };
		2EE15EF720ACD7C10028FA38 /* FoodHeader.swift in Sources */ = {isa = PBXBuildFile; fileRef = 2EE15EF620ACD7C10028FA38 /* FoodHeader.swift */; };
		630D25D9742253AC775021EE /* Pods_Restaurant_Kiosk.framework in Frameworks */ = {isa = PBXBuildFile; fileRef = CEBB74FEB264ED4BCC32090D /* Pods_Restaurant_Kiosk.framework */; };
/* End PBXBuildFile section */

/* Begin PBXFileReference section */
		2E1F578020AD36920026E426 /* Category.swift */ = {isa = PBXFileReference; lastKnownFileType = sourcecode.swift; path = Category.swift; sourceTree = "<group>"; };
		2E1F578220AD406A0026E426 /* UIExtensions.swift */ = {isa = PBXFileReference; lastKnownFileType = sourcecode.swift; path = UIExtensions.swift; sourceTree = "<group>"; };
		2E3E5C4820ADECE000AB605B /* FoodItemDetailViewController.swift */ = {isa = PBXFileReference; lastKnownFileType = sourcecode.swift; path = FoodItemDetailViewController.swift; sourceTree = "<group>"; };
		2E3E5C4A20AE10FC00AB605B /* ToppingTableViewCell.swift */ = {isa = PBXFileReference; lastKnownFileType = sourcecode.swift; path = ToppingTableViewCell.swift; sourceTree = "<group>"; };
		2E47739420A8C9B900AD1E38 /* Restaurant Kiosk.app */ = {isa = PBXFileReference; explicitFileType = wrapper.application; includeInIndex = 0; path = "Restaurant Kiosk.app"; sourceTree = BUILT_PRODUCTS_DIR; };
		2E47739720A8C9B900AD1E38 /* AppDelegate.swift */ = {isa = PBXFileReference; lastKnownFileType = sourcecode.swift; path = AppDelegate.swift; sourceTree = "<group>"; };
		2E47739920A8C9B900AD1E38 /* MenuViewController.swift */ = {isa = PBXFileReference; lastKnownFileType = sourcecode.swift; path = MenuViewController.swift; sourceTree = "<group>"; };
		2E47739C20A8C9B900AD1E38 /* Base */ = {isa = PBXFileReference; lastKnownFileType = file.storyboard; name = Base; path = Base.lproj/Main.storyboard; sourceTree = "<group>"; };
		2E47739E20A8C9B900AD1E38 /* Assets.xcassets */ = {isa = PBXFileReference; lastKnownFileType = folder.assetcatalog; path = Assets.xcassets; sourceTree = "<group>"; };
		2E4773A120A8C9B900AD1E38 /* Base */ = {isa = PBXFileReference; lastKnownFileType = file.storyboard; name = Base; path = Base.lproj/LaunchScreen.storyboard; sourceTree = "<group>"; };
		2E4773A320A8C9B900AD1E38 /* Info.plist */ = {isa = PBXFileReference; lastKnownFileType = text.plist.xml; path = Info.plist; sourceTree = "<group>"; };
		2E4773AA20A8D25300AD1E38 /* FoodItemCollectionViewCell.swift */ = {isa = PBXFileReference; lastKnownFileType = sourcecode.swift; path = FoodItemCollectionViewCell.swift; sourceTree = "<group>"; };
		2E4773AB20A8D25300AD1E38 /* FoodItemCollectionViewCell.xib */ = {isa = PBXFileReference; lastKnownFileType = file.xib; path = FoodItemCollectionViewCell.xib; sourceTree = "<group>"; };
		2E4773AE20A8D5DD00AD1E38 /* FoodItemCellInterface.swift */ = {isa = PBXFileReference; lastKnownFileType = sourcecode.swift; path = FoodItemCellInterface.swift; sourceTree = "<group>"; };
		2E4773B020A93EB400AD1E38 /* FoodItem.swift */ = {isa = PBXFileReference; lastKnownFileType = sourcecode.swift; path = FoodItem.swift; sourceTree = "<group>"; };
		2E4773B220A94DFA00AD1E38 /* Config.swift */ = {isa = PBXFileReference; lastKnownFileType = sourcecode.swift; path = Config.swift; sourceTree = "<group>"; };
		2E52F18B20B0CF5A00246524 /* ReceiptDetailViewController.swift */ = {isa = PBXFileReference; lastKnownFileType = sourcecode.swift; path = ReceiptDetailViewController.swift; sourceTree = "<group>"; };
		2E52F18D20B0D49B00246524 /* Receipt.swift */ = {isa = PBXFileReference; lastKnownFileType = sourcecode.swift; path = Receipt.swift; sourceTree = "<group>"; };
		2E52F19220B13FBB00246524 /* CartCategory.swift */ = {isa = PBXFileReference; lastKnownFileType = sourcecode.swift; path = CartCategory.swift; sourceTree = "<group>"; };
		2E52F19620B147A500246524 /* SwiftyJSON.swift */ = {isa = PBXFileReference; fileEncoding = 4; lastKnownFileType = sourcecode.swift; path = SwiftyJSON.swift; sourceTree = "<group>"; };
		2E53033A20AF3BDB00CB363E /* FoodItemViewModel.swift */ = {isa = PBXFileReference; lastKnownFileType = sourcecode.swift; path = FoodItemViewModel.swift; sourceTree = "<group>"; };
		2E53033C20AF622900CB363E /* FoodItemDetailViewModel.swift */ = {isa = PBXFileReference; lastKnownFileType = sourcecode.swift; path = FoodItemDetailViewModel.swift; sourceTree = "<group>"; };
		2E53033E20AF717900CB363E /* Topping.swift */ = {isa = PBXFileReference; lastKnownFileType = sourcecode.swift; path = Topping.swift; sourceTree = "<group>"; };
		2E53034020AF745100CB363E /* MenuViewModel.swift */ = {isa = PBXFileReference; lastKnownFileType = sourcecode.swift; path = MenuViewModel.swift; sourceTree = "<group>"; };
		2E53034220AFE3D700CB363E /* PaddingLabel.swift */ = {isa = PBXFileReference; fileEncoding = 4; lastKnownFileType = sourcecode.swift; path = PaddingLabel.swift; sourceTree = "<group>"; };
		2E53034820B0A2F800CB363E /* ReceiptViewController.swift */ = {isa = PBXFileReference; lastKnownFileType = sourcecode.swift; path = ReceiptViewController.swift; sourceTree = "<group>"; };
		2E53034E20B0C37B00CB363E /* ReceiptTableViewCell.swift */ = {isa = PBXFileReference; lastKnownFileType = sourcecode.swift; path = ReceiptTableViewCell.swift; sourceTree = "<group>"; };
		2EE15EF620ACD7C10028FA38 /* FoodHeader.swift */ = {isa = PBXFileReference; lastKnownFileType = sourcecode.swift; path = FoodHeader.swift; sourceTree = "<group>"; };
		3ADF44AFE26073AEBD29AB26 /* Pods-Restaurant Kiosk.debug.xcconfig */ = {isa = PBXFileReference; includeInIndex = 1; lastKnownFileType = text.xcconfig; name = "Pods-Restaurant Kiosk.debug.xcconfig"; path = "Pods/Target Support Files/Pods-Restaurant Kiosk/Pods-Restaurant Kiosk.debug.xcconfig"; sourceTree = "<group>"; };
		97F1B7BABAA2B5E8AED578E5 /* Pods-Restaurant Kiosk.release.xcconfig */ = {isa = PBXFileReference; includeInIndex = 1; lastKnownFileType = text.xcconfig; name = "Pods-Restaurant Kiosk.release.xcconfig"; path = "Pods/Target Support Files/Pods-Restaurant Kiosk/Pods-Restaurant Kiosk.release.xcconfig"; sourceTree = "<group>"; };
		CEBB74FEB264ED4BCC32090D /* Pods_Restaurant_Kiosk.framework */ = {isa = PBXFileReference; explicitFileType = wrapper.framework; includeInIndex = 0; path = Pods_Restaurant_Kiosk.framework; sourceTree = BUILT_PRODUCTS_DIR; };
/* End PBXFileReference section */

/* Begin PBXFrameworksBuildPhase section */
		2E47739120A8C9B900AD1E38 /* Frameworks */ = {
			isa = PBXFrameworksBuildPhase;
			buildActionMask = 2147483647;
			files = (
				630D25D9742253AC775021EE /* Pods_Restaurant_Kiosk.framework in Frameworks */,
			);
			runOnlyForDeploymentPostprocessing = 0;
		};
/* End PBXFrameworksBuildPhase section */

/* Begin PBXGroup section */
		2E47738B20A8C9B800AD1E38 = {
			isa = PBXGroup;
			children = (
				2E47739620A8C9B900AD1E38 /* Restaurant Kiosk */,
				2E47739520A8C9B900AD1E38 /* Products */,
				E5ADE2650D1E6D86C596BD45 /* Pods */,
				D0D8F0C41FF8FD2B8DE7013D /* Frameworks */,
			);
			sourceTree = "<group>";
		};
		2E47739520A8C9B900AD1E38 /* Products */ = {
			isa = PBXGroup;
			children = (
				2E47739420A8C9B900AD1E38 /* Restaurant Kiosk.app */,
			);
			name = Products;
			sourceTree = "<group>";
		};
		2E47739620A8C9B900AD1E38 /* Restaurant Kiosk */ = {
			isa = PBXGroup;
			children = (
				2E52F19520B1454900246524 /* View */,
				2E52F19420B143D400246524 /* ViewModels */,
				2E52F19120B13D1500246524 /* Models */,
				2E47739720A8C9B900AD1E38 /* AppDelegate.swift */,
				2E47739B20A8C9B900AD1E38 /* Main.storyboard */,
				2E47739E20A8C9B900AD1E38 /* Assets.xcassets */,
				2E4773A020A8C9B900AD1E38 /* LaunchScreen.storyboard */,
				2E4773A320A8C9B900AD1E38 /* Info.plist */,
				2E4773B220A94DFA00AD1E38 /* Config.swift */,
				2E52F19620B147A500246524 /* SwiftyJSON.swift */,
			);
			path = "Restaurant Kiosk";
			sourceTree = "<group>";
		};
		2E52F19120B13D1500246524 /* Models */ = {
			isa = PBXGroup;
			children = (
				2E4773B020A93EB400AD1E38 /* FoodItem.swift */,
				2E4773AE20A8D5DD00AD1E38 /* FoodItemCellInterface.swift */,
				2E53033E20AF717900CB363E /* Topping.swift */,
				2E52F18D20B0D49B00246524 /* Receipt.swift */,
				2E1F578020AD36920026E426 /* Category.swift */,
				2E52F19220B13FBB00246524 /* CartCategory.swift */,
			);
			path = Models;
			sourceTree = "<group>";
		};
		2E52F19420B143D400246524 /* ViewModels */ = {
			isa = PBXGroup;
			children = (
				2E53034020AF745100CB363E /* MenuViewModel.swift */,
				2E53033C20AF622900CB363E /* FoodItemDetailViewModel.swift */,
				2E53033A20AF3BDB00CB363E /* FoodItemViewModel.swift */,
			);
			path = ViewModels;
			sourceTree = "<group>";
		};
		2E52F19520B1454900246524 /* View */ = {
			isa = PBXGroup;
			children = (
				2E47739920A8C9B900AD1E38 /* MenuViewController.swift */,
				2E3E5C4820ADECE000AB605B /* FoodItemDetailViewController.swift */,
				2E53034820B0A2F800CB363E /* ReceiptViewController.swift */,
				2E52F18B20B0CF5A00246524 /* ReceiptDetailViewController.swift */,
				2E4773AA20A8D25300AD1E38 /* FoodItemCollectionViewCell.swift */,
				2E4773AB20A8D25300AD1E38 /* FoodItemCollectionViewCell.xib */,
				2EE15EF620ACD7C10028FA38 /* FoodHeader.swift */,
				2E53034E20B0C37B00CB363E /* ReceiptTableViewCell.swift */,
				2E3E5C4A20AE10FC00AB605B /* ToppingTableViewCell.swift */,
				2E53034220AFE3D700CB363E /* PaddingLabel.swift */,
				2E1F578220AD406A0026E426 /* UIExtensions.swift */,
			);
			path = View;
			sourceTree = "<group>";
		};
		D0D8F0C41FF8FD2B8DE7013D /* Frameworks */ = {
			isa = PBXGroup;
			children = (
				CEBB74FEB264ED4BCC32090D /* Pods_Restaurant_Kiosk.framework */,
			);
			name = Frameworks;
			sourceTree = "<group>";
		};
		E5ADE2650D1E6D86C596BD45 /* Pods */ = {
			isa = PBXGroup;
			children = (
				3ADF44AFE26073AEBD29AB26 /* Pods-Restaurant Kiosk.debug.xcconfig */,
				97F1B7BABAA2B5E8AED578E5 /* Pods-Restaurant Kiosk.release.xcconfig */,
			);
			name = Pods;
			sourceTree = "<group>";
		};
/* End PBXGroup section */

/* Begin PBXNativeTarget section */
		2E47739320A8C9B900AD1E38 /* Restaurant Kiosk */ = {
			isa = PBXNativeTarget;
			buildConfigurationList = 2E4773A620A8C9B900AD1E38 /* Build configuration list for PBXNativeTarget "Restaurant Kiosk" */;
			buildPhases = (
				38DE8B3D4B8F4507F42D26ED /* [CP] Check Pods Manifest.lock */,
				2E47739020A8C9B900AD1E38 /* Sources */,
				2E47739120A8C9B900AD1E38 /* Frameworks */,
				2E47739220A8C9B900AD1E38 /* Resources */,
				25D61AC7EAEE40C632DF2F15 /* [CP] Embed Pods Frameworks */,
			);
			buildRules = (
			);
			dependencies = (
			);
			name = "Restaurant Kiosk";
			productName = "Restaurant Kiosk";
			productReference = 2E47739420A8C9B900AD1E38 /* Restaurant Kiosk.app */;
			productType = "com.apple.product-type.application";
		};
/* End PBXNativeTarget section */

/* Begin PBXProject section */
		2E47738C20A8C9B900AD1E38 /* Project object */ = {
			isa = PBXProject;
			attributes = {
				LastSwiftUpdateCheck = 0920;
				LastUpgradeCheck = 0920;
				ORGANIZATIONNAME = VietMyApps;
				TargetAttributes = {
					2E47739320A8C9B900AD1E38 = {
						CreatedOnToolsVersion = 9.2;
						ProvisioningStyle = Automatic;
					};
				};
			};
			buildConfigurationList = 2E47738F20A8C9B900AD1E38 /* Build configuration list for PBXProject "Restaurant Kiosk" */;
			compatibilityVersion = "Xcode 8.0";
			developmentRegion = en;
			hasScannedForEncodings = 0;
			knownRegions = (
				en,
				Base,
			);
			mainGroup = 2E47738B20A8C9B800AD1E38;
			productRefGroup = 2E47739520A8C9B900AD1E38 /* Products */;
			projectDirPath = "";
			projectRoot = "";
			targets = (
				2E47739320A8C9B900AD1E38 /* Restaurant Kiosk */,
			);
		};
/* End PBXProject section */

/* Begin PBXResourcesBuildPhase section */
		2E47739220A8C9B900AD1E38 /* Resources */ = {
			isa = PBXResourcesBuildPhase;
			buildActionMask = 2147483647;
			files = (
				2E4773A220A8C9B900AD1E38 /* LaunchScreen.storyboard in Resources */,
				2E4773AD20A8D25300AD1E38 /* FoodItemCollectionViewCell.xib in Resources */,
				2E47739F20A8C9B900AD1E38 /* Assets.xcassets in Resources */,
				2E47739D20A8C9B900AD1E38 /* Main.storyboard in Resources */,
			);
			runOnlyForDeploymentPostprocessing = 0;
		};
/* End PBXResourcesBuildPhase section */

/* Begin PBXShellScriptBuildPhase section */
		25D61AC7EAEE40C632DF2F15 /* [CP] Embed Pods Frameworks */ = {
			isa = PBXShellScriptBuildPhase;
			buildActionMask = 2147483647;
			files = (
			);
			inputPaths = (
				"${SRCROOT}/Pods/Target Support Files/Pods-Restaurant Kiosk/Pods-Restaurant Kiosk-frameworks.sh",
				"${BUILT_PRODUCTS_DIR}/Alamofire/Alamofire.framework",
				"${BUILT_PRODUCTS_DIR}/AlamofireImage/AlamofireImage.framework",
				"${BUILT_PRODUCTS_DIR}/Differentiator/Differentiator.framework",
				"${BUILT_PRODUCTS_DIR}/Floaty/Floaty.framework",
				"${BUILT_PRODUCTS_DIR}/RxAlamofire/RxAlamofire.framework",
				"${BUILT_PRODUCTS_DIR}/RxCocoa/RxCocoa.framework",
				"${BUILT_PRODUCTS_DIR}/RxDataSources/RxDataSources.framework",
				"${BUILT_PRODUCTS_DIR}/RxSwift/RxSwift.framework",
				"${BUILT_PRODUCTS_DIR}/SwiftyJSON/SwiftyJSON.framework",
			);
			name = "[CP] Embed Pods Frameworks";
			outputPaths = (
				"${TARGET_BUILD_DIR}/${FRAMEWORKS_FOLDER_PATH}/Alamofire.framework",
				"${TARGET_BUILD_DIR}/${FRAMEWORKS_FOLDER_PATH}/AlamofireImage.framework",
				"${TARGET_BUILD_DIR}/${FRAMEWORKS_FOLDER_PATH}/Differentiator.framework",
				"${TARGET_BUILD_DIR}/${FRAMEWORKS_FOLDER_PATH}/Floaty.framework",
				"${TARGET_BUILD_DIR}/${FRAMEWORKS_FOLDER_PATH}/RxAlamofire.framework",
				"${TARGET_BUILD_DIR}/${FRAMEWORKS_FOLDER_PATH}/RxCocoa.framework",
				"${TARGET_BUILD_DIR}/${FRAMEWORKS_FOLDER_PATH}/RxDataSources.framework",
				"${TARGET_BUILD_DIR}/${FRAMEWORKS_FOLDER_PATH}/RxSwift.framework",
				"${TARGET_BUILD_DIR}/${FRAMEWORKS_FOLDER_PATH}/SwiftyJSON.framework",
			);
			runOnlyForDeploymentPostprocessing = 0;
			shellPath = /bin/sh;
			shellScript = "\"${SRCROOT}/Pods/Target Support Files/Pods-Restaurant Kiosk/Pods-Restaurant Kiosk-frameworks.sh\"\n";
			showEnvVarsInLog = 0;
		};
		38DE8B3D4B8F4507F42D26ED /* [CP] Check Pods Manifest.lock */ = {
			isa = PBXShellScriptBuildPhase;
			buildActionMask = 2147483647;
			files = (
			);
			inputPaths = (
				"${PODS_PODFILE_DIR_PATH}/Podfile.lock",
				"${PODS_ROOT}/Manifest.lock",
			);
			name = "[CP] Check Pods Manifest.lock";
			outputPaths = (
				"$(DERIVED_FILE_DIR)/Pods-Restaurant Kiosk-checkManifestLockResult.txt",
			);
			runOnlyForDeploymentPostprocessing = 0;
			shellPath = /bin/sh;
			shellScript = "diff \"${PODS_PODFILE_DIR_PATH}/Podfile.lock\" \"${PODS_ROOT}/Manifest.lock\" > /dev/null\nif [ $? != 0 ] ; then\n    # print error to STDERR\n    echo \"error: The sandbox is not in sync with the Podfile.lock. Run 'pod install' or update your CocoaPods installation.\" >&2\n    exit 1\nfi\n# This output is used by Xcode 'outputs' to avoid re-running this script phase.\necho \"SUCCESS\" > \"${SCRIPT_OUTPUT_FILE_0}\"\n";
			showEnvVarsInLog = 0;
		};
/* End PBXShellScriptBuildPhase section */

/* Begin PBXSourcesBuildPhase section */
		2E47739020A8C9B900AD1E38 /* Sources */ = {
			isa = PBXSourcesBuildPhase;
			buildActionMask = 2147483647;
			files = (
				2E1F578120AD36920026E426 /* Category.swift in Sources */,
				2E4773B120A93EB400AD1E38 /* FoodItem.swift in Sources */,
				2E4773AC20A8D25300AD1E38 /* FoodItemCollectionViewCell.swift in Sources */,
				2E52F19720B147A500246524 /* SwiftyJSON.swift in Sources */,
				2E53033D20AF622900CB363E /* FoodItemDetailViewModel.swift in Sources */,
				2E53034F20B0C37B00CB363E /* ReceiptTableViewCell.swift in Sources */,
				2EE15EF720ACD7C10028FA38 /* FoodHeader.swift in Sources */,
				2E53034320AFE3D800CB363E /* PaddingLabel.swift in Sources */,
				2E52F18C20B0CF5A00246524 /* ReceiptDetailViewController.swift in Sources */,
				2E53034920B0A2F800CB363E /* ReceiptViewController.swift in Sources */,
				2E1F578320AD406A0026E426 /* UIExtensions.swift in Sources */,
				2E47739A20A8C9B900AD1E38 /* MenuViewController.swift in Sources */,
				2E4773AF20A8D5DD00AD1E38 /* FoodItemCellInterface.swift in Sources */,
				2E53033F20AF717900CB363E /* Topping.swift in Sources */,
				2E3E5C4B20AE10FC00AB605B /* ToppingTableViewCell.swift in Sources */,
				2E53033B20AF3BDB00CB363E /* FoodItemViewModel.swift in Sources */,
				2E47739820A8C9B900AD1E38 /* AppDelegate.swift in Sources */,
				2E52F19320B13FBB00246524 /* CartCategory.swift in Sources */,
				2E52F18E20B0D49B00246524 /* Receipt.swift in Sources */,
				2E53034120AF745100CB363E /* MenuViewModel.swift in Sources */,
				2E3E5C4920ADECE000AB605B /* FoodItemDetailViewController.swift in Sources */,
				2E4773B320A94DFA00AD1E38 /* Config.swift in Sources */,
			);
			runOnlyForDeploymentPostprocessing = 0;
		};
/* End PBXSourcesBuildPhase section */

/* Begin PBXVariantGroup section */
		2E47739B20A8C9B900AD1E38 /* Main.storyboard */ = {
			isa = PBXVariantGroup;
			children = (
				2E47739C20A8C9B900AD1E38 /* Base */,
			);
			name = Main.storyboard;
			sourceTree = "<group>";
		};
		2E4773A020A8C9B900AD1E38 /* LaunchScreen.storyboard */ = {
			isa = PBXVariantGroup;
			children = (
				2E4773A120A8C9B900AD1E38 /* Base */,
			);
			name = LaunchScreen.storyboard;
			sourceTree = "<group>";
		};
/* End PBXVariantGroup section */

/* Begin XCBuildConfiguration section */
		2E4773A420A8C9B900AD1E38 /* Debug */ = {
			isa = XCBuildConfiguration;
			buildSettings = {
				ALWAYS_SEARCH_USER_PATHS = NO;
				CLANG_ANALYZER_NONNULL = YES;
				CLANG_ANALYZER_NUMBER_OBJECT_CONVERSION = YES_AGGRESSIVE;
				CLANG_CXX_LANGUAGE_STANDARD = "gnu++14";
				CLANG_CXX_LIBRARY = "libc++";
				CLANG_ENABLE_MODULES = YES;
				CLANG_ENABLE_OBJC_ARC = YES;
				CLANG_WARN_BLOCK_CAPTURE_AUTORELEASING = YES;
				CLANG_WARN_BOOL_CONVERSION = YES;
				CLANG_WARN_COMMA = YES;
				CLANG_WARN_CONSTANT_CONVERSION = YES;
				CLANG_WARN_DIRECT_OBJC_ISA_USAGE = YES_ERROR;
				CLANG_WARN_DOCUMENTATION_COMMENTS = YES;
				CLANG_WARN_EMPTY_BODY = YES;
				CLANG_WARN_ENUM_CONVERSION = YES;
				CLANG_WARN_INFINITE_RECURSION = YES;
				CLANG_WARN_INT_CONVERSION = YES;
				CLANG_WARN_NON_LITERAL_NULL_CONVERSION = YES;
				CLANG_WARN_OBJC_LITERAL_CONVERSION = YES;
				CLANG_WARN_OBJC_ROOT_CLASS = YES_ERROR;
				CLANG_WARN_RANGE_LOOP_ANALYSIS = YES;
				CLANG_WARN_STRICT_PROTOTYPES = YES;
				CLANG_WARN_SUSPICIOUS_MOVE = YES;
				CLANG_WARN_UNGUARDED_AVAILABILITY = YES_AGGRESSIVE;
				CLANG_WARN_UNREACHABLE_CODE = YES;
				CLANG_WARN__DUPLICATE_METHOD_MATCH = YES;
				CODE_SIGN_IDENTITY = "iPhone Developer";
				COPY_PHASE_STRIP = NO;
				DEBUG_INFORMATION_FORMAT = dwarf;
				ENABLE_STRICT_OBJC_MSGSEND = YES;
				ENABLE_TESTABILITY = YES;
				GCC_C_LANGUAGE_STANDARD = gnu11;
				GCC_DYNAMIC_NO_PIC = NO;
				GCC_NO_COMMON_BLOCKS = YES;
				GCC_OPTIMIZATION_LEVEL = 0;
				GCC_PREPROCESSOR_DEFINITIONS = (
					"DEBUG=1",
					"$(inherited)",
				);
				GCC_WARN_64_TO_32_BIT_CONVERSION = YES;
				GCC_WARN_ABOUT_RETURN_TYPE = YES_ERROR;
				GCC_WARN_UNDECLARED_SELECTOR = YES;
				GCC_WARN_UNINITIALIZED_AUTOS = YES_AGGRESSIVE;
				GCC_WARN_UNUSED_FUNCTION = YES;
				GCC_WARN_UNUSED_VARIABLE = YES;
				IPHONEOS_DEPLOYMENT_TARGET = 11.2;
				MTL_ENABLE_DEBUG_INFO = YES;
				ONLY_ACTIVE_ARCH = YES;
				SDKROOT = iphoneos;
				SWIFT_ACTIVE_COMPILATION_CONDITIONS = DEBUG;
				SWIFT_OPTIMIZATION_LEVEL = "-Onone";
			};
			name = Debug;
		};
		2E4773A520A8C9B900AD1E38 /* Release */ = {
			isa = XCBuildConfiguration;
			buildSettings = {
				ALWAYS_SEARCH_USER_PATHS = NO;
				CLANG_ANALYZER_NONNULL = YES;
				CLANG_ANALYZER_NUMBER_OBJECT_CONVERSION = YES_AGGRESSIVE;
				CLANG_CXX_LANGUAGE_STANDARD = "gnu++14";
				CLANG_CXX_LIBRARY = "libc++";
				CLANG_ENABLE_MODULES = YES;
				CLANG_ENABLE_OBJC_ARC = YES;
				CLANG_WARN_BLOCK_CAPTURE_AUTORELEASING = YES;
				CLANG_WARN_BOOL_CONVERSION = YES;
				CLANG_WARN_COMMA = YES;
				CLANG_WARN_CONSTANT_CONVERSION = YES;
				CLANG_WARN_DIRECT_OBJC_ISA_USAGE = YES_ERROR;
				CLANG_WARN_DOCUMENTATION_COMMENTS = YES;
				CLANG_WARN_EMPTY_BODY = YES;
				CLANG_WARN_ENUM_CONVERSION = YES;
				CLANG_WARN_INFINITE_RECURSION = YES;
				CLANG_WARN_INT_CONVERSION = YES;
				CLANG_WARN_NON_LITERAL_NULL_CONVERSION = YES;
				CLANG_WARN_OBJC_LITERAL_CONVERSION = YES;
				CLANG_WARN_OBJC_ROOT_CLASS = YES_ERROR;
				CLANG_WARN_RANGE_LOOP_ANALYSIS = YES;
				CLANG_WARN_STRICT_PROTOTYPES = YES;
				CLANG_WARN_SUSPICIOUS_MOVE = YES;
				CLANG_WARN_UNGUARDED_AVAILABILITY = YES_AGGRESSIVE;
				CLANG_WARN_UNREACHABLE_CODE = YES;
				CLANG_WARN__DUPLICATE_METHOD_MATCH = YES;
				CODE_SIGN_IDENTITY = "iPhone Developer";
				COPY_PHASE_STRIP = NO;
				DEBUG_INFORMATION_FORMAT = "dwarf-with-dsym";
				ENABLE_NS_ASSERTIONS = NO;
				ENABLE_STRICT_OBJC_MSGSEND = YES;
				GCC_C_LANGUAGE_STANDARD = gnu11;
				GCC_NO_COMMON_BLOCKS = YES;
				GCC_WARN_64_TO_32_BIT_CONVERSION = YES;
				GCC_WARN_ABOUT_RETURN_TYPE = YES_ERROR;
				GCC_WARN_UNDECLARED_SELECTOR = YES;
				GCC_WARN_UNINITIALIZED_AUTOS = YES_AGGRESSIVE;
				GCC_WARN_UNUSED_FUNCTION = YES;
				GCC_WARN_UNUSED_VARIABLE = YES;
				IPHONEOS_DEPLOYMENT_TARGET = 11.2;
				MTL_ENABLE_DEBUG_INFO = NO;
				SDKROOT = iphoneos;
				SWIFT_OPTIMIZATION_LEVEL = "-Owholemodule";
				VALIDATE_PRODUCT = YES;
			};
			name = Release;
		};
		2E4773A720A8C9B900AD1E38 /* Debug */ = {
			isa = XCBuildConfiguration;
			baseConfigurationReference = 3ADF44AFE26073AEBD29AB26 /* Pods-Restaurant Kiosk.debug.xcconfig */;
			buildSettings = {
				ASSETCATALOG_COMPILER_APPICON_NAME = AppIcon;
				CODE_SIGN_STYLE = Automatic;
				DEVELOPMENT_TEAM = XVHJVXSY46;
				INFOPLIST_FILE = "Restaurant Kiosk/Info.plist";
				IPHONEOS_DEPLOYMENT_TARGET = 10.3;
				LD_RUNPATH_SEARCH_PATHS = "$(inherited) @executable_path/Frameworks";
				PRODUCT_BUNDLE_IDENTIFIER = "com.vietmyapps.Restaurant-Kiosk";
				PRODUCT_NAME = "$(TARGET_NAME)";
				SWIFT_VERSION = 4.0;
				TARGETED_DEVICE_FAMILY = "1,2";
			};
			name = Debug;
		};
		2E4773A820A8C9B900AD1E38 /* Release */ = {
			isa = XCBuildConfiguration;
			baseConfigurationReference = 97F1B7BABAA2B5E8AED578E5 /* Pods-Restaurant Kiosk.release.xcconfig */;
			buildSettings = {
				ASSETCATALOG_COMPILER_APPICON_NAME = AppIcon;
				CODE_SIGN_STYLE = Automatic;
				DEVELOPMENT_TEAM = XVHJVXSY46;
				INFOPLIST_FILE = "Restaurant Kiosk/Info.plist";
				IPHONEOS_DEPLOYMENT_TARGET = 10.3;
				LD_RUNPATH_SEARCH_PATHS = "$(inherited) @executable_path/Frameworks";
				PRODUCT_BUNDLE_IDENTIFIER = "com.vietmyapps.Restaurant-Kiosk";
				PRODUCT_NAME = "$(TARGET_NAME)";
				SWIFT_VERSION = 4.0;
				TARGETED_DEVICE_FAMILY = "1,2";
			};
			name = Release;
		};
/* End XCBuildConfiguration section */

/* Begin XCConfigurationList section */
		2E47738F20A8C9B900AD1E38 /* Build configuration list for PBXProject "Restaurant Kiosk" */ = {
			isa = XCConfigurationList;
			buildConfigurations = (
				2E4773A420A8C9B900AD1E38 /* Debug */,
				2E4773A520A8C9B900AD1E38 /* Release */,
			);
			defaultConfigurationIsVisible = 0;
			defaultConfigurationName = Release;
		};
		2E4773A620A8C9B900AD1E38 /* Build configuration list for PBXNativeTarget "Restaurant Kiosk" */ = {
			isa = XCConfigurationList;
			buildConfigurations = (
				2E4773A720A8C9B900AD1E38 /* Debug */,
				2E4773A820A8C9B900AD1E38 /* Release */,
			);
			defaultConfigurationIsVisible = 0;
			defaultConfigurationName = Release;
		};
/* End XCConfigurationList section */
	};
	rootObject = 2E47738C20A8C9B900AD1E38 /* Project object */;
}
